
Microsoft Visual Studio Solution File, Format Version 12.00
# Visual Studio Version 17
VisualStudioVersion = 17.5.33530.505
MinimumVisualStudioVersion = 10.0.40219.1
Project("{9A19103F-16F7-4668-BE54-9A1E7A4F7556}") = "Gus", "Gus\Gus.csproj", "{0A680348-76A7-4B3F-AEB8-D4B8F5170A1E}"
EndProject
Project("{FAE04EC0-301F-11D3-BF4B-00C04F79EFBC}") = "Rabbit", "Rabbit\Rabbit.csproj", "{796DD31A-6E6E-4500-9F90-E7ED9063A069}"
EndProject
Global
	GlobalSection(SolutionConfigurationPlatforms) = preSolution
		Debug|Any CPU = Debug|Any CPU
		Release|Any CPU = Release|Any CPU
	EndGlobalSection
	GlobalSection(ProjectConfigurationPlatforms) = postSolution
		{0A680348-76A7-4B3F-AEB8-D4B8F5170A1E}.Debug|Any CPU.ActiveCfg = Debug|Any CPU
		{0A680348-76A7-4B3F-AEB8-D4B8F5170A1E}.Debug|Any CPU.Build.0 = Debug|Any CPU
		{0A680348-76A7-4B3F-AEB8-D4B8F5170A1E}.Release|Any CPU.ActiveCfg = Release|Any CPU
		{0A680348-76A7-4B3F-AEB8-D4B8F5170A1E}.Release|Any CPU.Build.0 = Release|Any CPU
		{796DD31A-6E6E-4500-9F90-E7ED9063A069}.Debug|Any CPU.ActiveCfg = Debug|Any CPU
		{796DD31A-6E6E-4500-9F90-E7ED9063A069}.Debug|Any CPU.Build.0 = Debug|Any CPU
		{796DD31A-6E6E-4500-9F90-E7ED9063A069}.Release|Any CPU.ActiveCfg = Release|Any CPU
		{796DD31A-6E6E-4500-9F90-E7ED9063A069}.Release|Any CPU.Build.0 = Release|Any CPU
	EndGlobalSection
	GlobalSection(SolutionProperties) = preSolution
		HideSolutionNode = FALSE
	EndGlobalSection
	GlobalSection(ExtensibilityGlobals) = postSolution
		SolutionGuid = {6E37F1DE-5717-4EA6-AB23-A9295CD614D2}
	EndGlobalSection
EndGlobal
